
Microsoft Visual Studio Solution File, Format Version 12.00
# Visual Studio Version 17
VisualStudioVersion = 17.6.33815.320
MinimumVisualStudioVersion = 10.0.40219.1
Project("{FAE04EC0-301F-11D3-BF4B-00C04F79EFBC}") = "ControledePet", "ControledePet\ControledePet.csproj", "{A39F80D6-29DD-4D98-83D1-83F128F62CA2}"
EndProject
Global
	GlobalSection(SolutionConfigurationPlatforms) = preSolution
		Debug|Any CPU = Debug|Any CPU
		Release|Any CPU = Release|Any CPU
	EndGlobalSection
	GlobalSection(ProjectConfigurationPlatforms) = postSolution
		{A39F80D6-29DD-4D98-83D1-83F128F62CA2}.Debug|Any CPU.ActiveCfg = Debug|Any CPU
		{A39F80D6-29DD-4D98-83D1-83F128F62CA2}.Debug|Any CPU.Build.0 = Debug|Any CPU
		{A39F80D6-29DD-4D98-83D1-83F128F62CA2}.Release|Any CPU.ActiveCfg = Release|Any CPU
		{A39F80D6-29DD-4D98-83D1-83F128F62CA2}.Release|Any CPU.Build.0 = Release|Any CPU
	EndGlobalSection
	GlobalSection(SolutionProperties) = preSolution
		HideSolutionNode = FALSE
	EndGlobalSection
	GlobalSection(ExtensibilityGlobals) = postSolution
		SolutionGuid = {B0D3A5D1-2299-41A4-B407-75AC11335526}
	EndGlobalSection
EndGlobal
